
Microsoft Visual Studio Solution File, Format Version 12.00
# Visual Studio Version 17
VisualStudioVersion = 17.7.34018.315
MinimumVisualStudioVersion = 10.0.40219.1
Project("{FAE04EC0-301F-11D3-BF4B-00C04F79EFBC}") = "UIFromHell", "UIFromHell.csproj", "{1139E3DC-A8AB-45E5-A6CF-A8083062B6EF}"
EndProject
Global
	GlobalSection(SolutionConfigurationPlatforms) = preSolution
		Debug|Any CPU = Debug|Any CPU
		Release|Any CPU = Release|Any CPU
	EndGlobalSection
	GlobalSection(ProjectConfigurationPlatforms) = postSolution
		{1139E3DC-A8AB-45E5-A6CF-A8083062B6EF}.Debug|Any CPU.ActiveCfg = Debug|Any CPU
		{1139E3DC-A8AB-45E5-A6CF-A8083062B6EF}.Debug|Any CPU.Build.0 = Debug|Any CPU
		{1139E3DC-A8AB-45E5-A6CF-A8083062B6EF}.Release|Any CPU.ActiveCfg = Release|Any CPU
		{1139E3DC-A8AB-45E5-A6CF-A8083062B6EF}.Release|Any CPU.Build.0 = Release|Any CPU
	EndGlobalSection
	GlobalSection(SolutionProperties) = preSolution
		HideSolutionNode = FALSE
	EndGlobalSection
	GlobalSection(ExtensibilityGlobals) = postSolution
		SolutionGuid = {17C187A4-BC4F-46AF-A35A-6AE366243059}
	EndGlobalSection
EndGlobal
