
Microsoft Visual Studio Solution File, Format Version 12.00
# Visual Studio Version 17
VisualStudioVersion = 17.7.34018.315
MinimumVisualStudioVersion = 10.0.40219.1
Project("{FAE04EC0-301F-11D3-BF4B-00C04F79EFBC}") = "Question13", "Question13.csproj", "{CC7FD715-5A0A-4F87-B925-F2B3EE8A9F4B}"
EndProject
Global
	GlobalSection(SolutionConfigurationPlatforms) = preSolution
		Debug|Any CPU = Debug|Any CPU
		Release|Any CPU = Release|Any CPU
	EndGlobalSection
	GlobalSection(ProjectConfigurationPlatforms) = postSolution
		{CC7FD715-5A0A-4F87-B925-F2B3EE8A9F4B}.Debug|Any CPU.ActiveCfg = Debug|Any CPU
		{CC7FD715-5A0A-4F87-B925-F2B3EE8A9F4B}.Debug|Any CPU.Build.0 = Debug|Any CPU
		{CC7FD715-5A0A-4F87-B925-F2B3EE8A9F4B}.Release|Any CPU.ActiveCfg = Release|Any CPU
		{CC7FD715-5A0A-4F87-B925-F2B3EE8A9F4B}.Release|Any CPU.Build.0 = Release|Any CPU
	EndGlobalSection
	GlobalSection(SolutionProperties) = preSolution
		HideSolutionNode = FALSE
	EndGlobalSection
	GlobalSection(ExtensibilityGlobals) = postSolution
		SolutionGuid = {2045D9EE-9A80-4219-8BDA-CD78713A16C2}
	EndGlobalSection
EndGlobal
