
Microsoft Visual Studio Solution File, Format Version 12.00
# Visual Studio Version 17
VisualStudioVersion = 17.7.34018.315
MinimumVisualStudioVersion = 10.0.40219.1
Project("{FAE04EC0-301F-11D3-BF4B-00C04F79EFBC}") = "Vehicles", "Vehicles.csproj", "{E3C1EE10-B797-41D9-BCD9-6DA2E6F91632}"
EndProject
Global
	GlobalSection(SolutionConfigurationPlatforms) = preSolution
		Debug|Any CPU = Debug|Any CPU
		Release|Any CPU = Release|Any CPU
	EndGlobalSection
	GlobalSection(ProjectConfigurationPlatforms) = postSolution
		{E3C1EE10-B797-41D9-BCD9-6DA2E6F91632}.Debug|Any CPU.ActiveCfg = Debug|Any CPU
		{E3C1EE10-B797-41D9-BCD9-6DA2E6F91632}.Debug|Any CPU.Build.0 = Debug|Any CPU
		{E3C1EE10-B797-41D9-BCD9-6DA2E6F91632}.Release|Any CPU.ActiveCfg = Release|Any CPU
		{E3C1EE10-B797-41D9-BCD9-6DA2E6F91632}.Release|Any CPU.Build.0 = Release|Any CPU
	EndGlobalSection
	GlobalSection(SolutionProperties) = preSolution
		HideSolutionNode = FALSE
	EndGlobalSection
	GlobalSection(ExtensibilityGlobals) = postSolution
		SolutionGuid = {E896E2D0-988F-4415-A7D5-ED14E7A51ABD}
	EndGlobalSection
EndGlobal
