
Microsoft Visual Studio Solution File, Format Version 12.00
# Visual Studio Version 17
VisualStudioVersion = 17.7.34018.315
MinimumVisualStudioVersion = 10.0.40219.1
Project("{FAE04EC0-301F-11D3-BF4B-00C04F79EFBC}") = "PE8_5", "PE8_5.csproj", "{751B59B7-BFBA-4042-A659-3097FE2E8E2E}"
EndProject
Global
	GlobalSection(SolutionConfigurationPlatforms) = preSolution
		Debug|Any CPU = Debug|Any CPU
		Release|Any CPU = Release|Any CPU
	EndGlobalSection
	GlobalSection(ProjectConfigurationPlatforms) = postSolution
		{751B59B7-BFBA-4042-A659-3097FE2E8E2E}.Debug|Any CPU.ActiveCfg = Debug|Any CPU
		{751B59B7-BFBA-4042-A659-3097FE2E8E2E}.Debug|Any CPU.Build.0 = Debug|Any CPU
		{751B59B7-BFBA-4042-A659-3097FE2E8E2E}.Release|Any CPU.ActiveCfg = Release|Any CPU
		{751B59B7-BFBA-4042-A659-3097FE2E8E2E}.Release|Any CPU.Build.0 = Release|Any CPU
	EndGlobalSection
	GlobalSection(SolutionProperties) = preSolution
		HideSolutionNode = FALSE
	EndGlobalSection
	GlobalSection(ExtensibilityGlobals) = postSolution
		SolutionGuid = {12BCB320-27B1-4CAB-AA24-1CBED7D75271}
	EndGlobalSection
EndGlobal
