
Microsoft Visual Studio Solution File, Format Version 12.00
# Visual Studio Version 17
VisualStudioVersion = 17.7.34018.315
MinimumVisualStudioVersion = 10.0.40219.1
Project("{FAE04EC0-301F-11D3-BF4B-00C04F79EFBC}") = "DynamicPeople", "DynamicPeople.csproj", "{CD758BC5-EABC-4994-AC75-6FBDE936FEF2}"
EndProject
Global
	GlobalSection(SolutionConfigurationPlatforms) = preSolution
		Debug|Any CPU = Debug|Any CPU
		Release|Any CPU = Release|Any CPU
	EndGlobalSection
	GlobalSection(ProjectConfigurationPlatforms) = postSolution
		{CD758BC5-EABC-4994-AC75-6FBDE936FEF2}.Debug|Any CPU.ActiveCfg = Debug|Any CPU
		{CD758BC5-EABC-4994-AC75-6FBDE936FEF2}.Debug|Any CPU.Build.0 = Debug|Any CPU
		{CD758BC5-EABC-4994-AC75-6FBDE936FEF2}.Release|Any CPU.ActiveCfg = Release|Any CPU
		{CD758BC5-EABC-4994-AC75-6FBDE936FEF2}.Release|Any CPU.Build.0 = Release|Any CPU
	EndGlobalSection
	GlobalSection(SolutionProperties) = preSolution
		HideSolutionNode = FALSE
	EndGlobalSection
	GlobalSection(ExtensibilityGlobals) = postSolution
		SolutionGuid = {1DEE6C10-34F3-4A1E-A387-E9247140B620}
	EndGlobalSection
EndGlobal
