
Microsoft Visual Studio Solution File, Format Version 12.00
# Visual Studio Version 17
VisualStudioVersion = 17.7.34018.315
MinimumVisualStudioVersion = 10.0.40219.1
Project("{FAE04EC0-301F-11D3-BF4B-00C04F79EFBC}") = "PE20Dom", "PE20Dom.csproj", "{B4F49E19-41EF-4C41-87B7-22A34FACCEAD}"
EndProject
Global
	GlobalSection(SolutionConfigurationPlatforms) = preSolution
		Debug|Any CPU = Debug|Any CPU
		Release|Any CPU = Release|Any CPU
	EndGlobalSection
	GlobalSection(ProjectConfigurationPlatforms) = postSolution
		{B4F49E19-41EF-4C41-87B7-22A34FACCEAD}.Debug|Any CPU.ActiveCfg = Debug|Any CPU
		{B4F49E19-41EF-4C41-87B7-22A34FACCEAD}.Debug|Any CPU.Build.0 = Debug|Any CPU
		{B4F49E19-41EF-4C41-87B7-22A34FACCEAD}.Release|Any CPU.ActiveCfg = Release|Any CPU
		{B4F49E19-41EF-4C41-87B7-22A34FACCEAD}.Release|Any CPU.Build.0 = Release|Any CPU
	EndGlobalSection
	GlobalSection(SolutionProperties) = preSolution
		HideSolutionNode = FALSE
	EndGlobalSection
	GlobalSection(ExtensibilityGlobals) = postSolution
		SolutionGuid = {AEE4E4FD-F10B-4470-A5DD-11DBFD7288A0}
	EndGlobalSection
EndGlobal
