
Microsoft Visual Studio Solution File, Format Version 12.00
# Visual Studio Version 17
VisualStudioVersion = 17.7.34018.315
MinimumVisualStudioVersion = 10.0.40219.1
Project("{FAE04EC0-301F-11D3-BF4B-00C04F79EFBC}") = "Dyscord", "Dyscord.csproj", "{76B1A76A-C786-415B-9AF9-1FD01B804E5E}"
EndProject
Global
	GlobalSection(SolutionConfigurationPlatforms) = preSolution
		Debug|Any CPU = Debug|Any CPU
		Release|Any CPU = Release|Any CPU
	EndGlobalSection
	GlobalSection(ProjectConfigurationPlatforms) = postSolution
		{76B1A76A-C786-415B-9AF9-1FD01B804E5E}.Debug|Any CPU.ActiveCfg = Debug|Any CPU
		{76B1A76A-C786-415B-9AF9-1FD01B804E5E}.Debug|Any CPU.Build.0 = Debug|Any CPU
		{76B1A76A-C786-415B-9AF9-1FD01B804E5E}.Release|Any CPU.ActiveCfg = Release|Any CPU
		{76B1A76A-C786-415B-9AF9-1FD01B804E5E}.Release|Any CPU.Build.0 = Release|Any CPU
	EndGlobalSection
	GlobalSection(SolutionProperties) = preSolution
		HideSolutionNode = FALSE
	EndGlobalSection
	GlobalSection(ExtensibilityGlobals) = postSolution
		SolutionGuid = {EB6C5E88-0756-4C84-8CBD-F748E223075A}
	EndGlobalSection
EndGlobal
