
Microsoft Visual Studio Solution File, Format Version 12.00
# Visual Studio Version 17
VisualStudioVersion = 17.7.34018.315
MinimumVisualStudioVersion = 10.0.40219.1
Project("{FAE04EC0-301F-11D3-BF4B-00C04F79EFBC}") = "PE2_SquashTheBugs", "PE2_SquashTheBugs.csproj", "{1A6BD376-BA66-4AA2-9E83-275D01FE4795}"
EndProject
Global
	GlobalSection(SolutionConfigurationPlatforms) = preSolution
		Debug|Any CPU = Debug|Any CPU
		Release|Any CPU = Release|Any CPU
	EndGlobalSection
	GlobalSection(ProjectConfigurationPlatforms) = postSolution
		{1A6BD376-BA66-4AA2-9E83-275D01FE4795}.Debug|Any CPU.ActiveCfg = Debug|Any CPU
		{1A6BD376-BA66-4AA2-9E83-275D01FE4795}.Debug|Any CPU.Build.0 = Debug|Any CPU
		{1A6BD376-BA66-4AA2-9E83-275D01FE4795}.Release|Any CPU.ActiveCfg = Release|Any CPU
		{1A6BD376-BA66-4AA2-9E83-275D01FE4795}.Release|Any CPU.Build.0 = Release|Any CPU
	EndGlobalSection
	GlobalSection(SolutionProperties) = preSolution
		HideSolutionNode = FALSE
	EndGlobalSection
	GlobalSection(ExtensibilityGlobals) = postSolution
		SolutionGuid = {E00FCBB2-1B9C-46C0-BECA-69B93E1E40A9}
	EndGlobalSection
EndGlobal
